
Microsoft Visual Studio Solution File, Format Version 12.00
# Visual Studio Version 17
VisualStudioVersion = 17.11.35208.52
MinimumVisualStudioVersion = 10.0.40219.1
Project("{FAE04EC0-301F-11D3-BF4B-00C04F79EFBC}") = "ProjectGit", "ProjectGit\ProjectGit.csproj", "{91B588A5-25B7-4FCC-B5E1-869C36947A89}"
EndProject
Global
	GlobalSection(SolutionConfigurationPlatforms) = preSolution
		Debug|Any CPU = Debug|Any CPU
		Release|Any CPU = Release|Any CPU
	EndGlobalSection
	GlobalSection(ProjectConfigurationPlatforms) = postSolution
		{91B588A5-25B7-4FCC-B5E1-869C36947A89}.Debug|Any CPU.ActiveCfg = Debug|Any CPU
		{91B588A5-25B7-4FCC-B5E1-869C36947A89}.Debug|Any CPU.Build.0 = Debug|Any CPU
		{91B588A5-25B7-4FCC-B5E1-869C36947A89}.Release|Any CPU.ActiveCfg = Release|Any CPU
		{91B588A5-25B7-4FCC-B5E1-869C36947A89}.Release|Any CPU.Build.0 = Release|Any CPU
	EndGlobalSection
	GlobalSection(SolutionProperties) = preSolution
		HideSolutionNode = FALSE
	EndGlobalSection
	GlobalSection(ExtensibilityGlobals) = postSolution
		SolutionGuid = {5526D4C6-3255-449D-872B-D9DB0070B244}
	EndGlobalSection
EndGlobal
